
Microsoft Visual Studio Solution File, Format Version 12.00
# Visual Studio Version 16
VisualStudioVersion = 16.0.29806.167
MinimumVisualStudioVersion = 10.0.40219.1
Project("{E24C65DC-7377-472B-9ABA-BC803B73C61A}") = "SinAzucar_AppWeb(1)", "SinAzucar_AppWeb\", "{2B519137-B290-4627-989A-7BC01AC5E201}"
	ProjectSection(WebsiteProperties) = preProject
		TargetFrameworkMoniker = ".NETFramework,Version%3Dv4.6.1"
		Debug.AspNetCompiler.VirtualPath = "/localhost_58419"
		Debug.AspNetCompiler.PhysicalPath = "SinAzucar_AppWeb\"
		Debug.AspNetCompiler.TargetPath = "PrecompiledWeb\localhost_58419\"
		Debug.AspNetCompiler.Updateable = "true"
		Debug.AspNetCompiler.ForceOverwrite = "true"
		Debug.AspNetCompiler.FixedNames = "false"
		Debug.AspNetCompiler.Debug = "True"
		Release.AspNetCompiler.VirtualPath = "/localhost_58419"
		Release.AspNetCompiler.PhysicalPath = "SinAzucar_AppWeb\"
		Release.AspNetCompiler.TargetPath = "PrecompiledWeb\localhost_58419\"
		Release.AspNetCompiler.Updateable = "true"
		Release.AspNetCompiler.ForceOverwrite = "true"
		Release.AspNetCompiler.FixedNames = "false"
		Release.AspNetCompiler.Debug = "False"
		VWDPort = "58419"
		SlnRelativePath = "SinAzucar_AppWeb\"
	EndProjectSection
EndProject
Global
	GlobalSection(SolutionConfigurationPlatforms) = preSolution
		Debug|Any CPU = Debug|Any CPU
	EndGlobalSection
	GlobalSection(ProjectConfigurationPlatforms) = postSolution
		{2B519137-B290-4627-989A-7BC01AC5E201}.Debug|Any CPU.ActiveCfg = Debug|Any CPU
		{2B519137-B290-4627-989A-7BC01AC5E201}.Debug|Any CPU.Build.0 = Debug|Any CPU
	EndGlobalSection
	GlobalSection(SolutionProperties) = preSolution
		HideSolutionNode = FALSE
	EndGlobalSection
	GlobalSection(ExtensibilityGlobals) = postSolution
		SolutionGuid = {C6DCEBD7-A6F8-461F-AAB1-263AB5245AAE}
	EndGlobalSection
EndGlobal
